
Microsoft Visual Studio Solution File, Format Version 12.00
# Visual Studio Version 17
VisualStudioVersion = 17.8.34511.84
MinimumVisualStudioVersion = 10.0.40219.1
Project("{9A19103F-16F7-4668-BE54-9A1E7A4F7556}") = "EditorGraficasVectoriales", "EditorGraficasVectoriales\EditorGraficasVectoriales.csproj", "{DB159A03-7450-4D07-8999-A6878098B5D5}"
EndProject
Project("{2150E333-8FDC-42A3-9474-1A3956D46DE8}") = "Elementos de la solución", "Elementos de la solución", "{5E344448-B72A-4A95-BC06-8ABD7E8A7298}"
EndProject
Global
	GlobalSection(SolutionConfigurationPlatforms) = preSolution
		Debug|Any CPU = Debug|Any CPU
		Release|Any CPU = Release|Any CPU
	EndGlobalSection
	GlobalSection(ProjectConfigurationPlatforms) = postSolution
		{DB159A03-7450-4D07-8999-A6878098B5D5}.Debug|Any CPU.ActiveCfg = Debug|Any CPU
		{DB159A03-7450-4D07-8999-A6878098B5D5}.Debug|Any CPU.Build.0 = Debug|Any CPU
		{DB159A03-7450-4D07-8999-A6878098B5D5}.Release|Any CPU.ActiveCfg = Release|Any CPU
		{DB159A03-7450-4D07-8999-A6878098B5D5}.Release|Any CPU.Build.0 = Release|Any CPU
	EndGlobalSection
	GlobalSection(SolutionProperties) = preSolution
		HideSolutionNode = FALSE
	EndGlobalSection
	GlobalSection(ExtensibilityGlobals) = postSolution
		SolutionGuid = {6513AFDB-5D52-4CB6-8D31-C9F06CE30396}
	EndGlobalSection
EndGlobal
